
Microsoft Visual Studio Solution File, Format Version 12.00
# Visual Studio 14
VisualStudioVersion = 14.0.25420.1
MinimumVisualStudioVersion = 10.0.40219.1
Project("{E24C65DC-7377-472B-9ABA-BC803B73C61A}") = "Protype", "Protype\", "{91742551-811D-4D63-9DB0-B378AC894327}"
	ProjectSection(WebsiteProperties) = preProject
		TargetFrameworkMoniker = ".NETFramework,Version%3Dv4.5.2"
		Debug.AspNetCompiler.VirtualPath = "/localhost_61665"
		Debug.AspNetCompiler.PhysicalPath = "..\..\WebSites\Protype\"
		Debug.AspNetCompiler.TargetPath = "PrecompiledWeb\localhost_61665\"
		Debug.AspNetCompiler.Updateable = "true"
		Debug.AspNetCompiler.ForceOverwrite = "true"
		Debug.AspNetCompiler.FixedNames = "false"
		Debug.AspNetCompiler.Debug = "True"
		Release.AspNetCompiler.VirtualPath = "/localhost_61665"
		Release.AspNetCompiler.PhysicalPath = "..\..\WebSites\Protype\"
		Release.AspNetCompiler.TargetPath = "PrecompiledWeb\localhost_61665\"
		Release.AspNetCompiler.Updateable = "true"
		Release.AspNetCompiler.ForceOverwrite = "true"
		Release.AspNetCompiler.FixedNames = "false"
		Release.AspNetCompiler.Debug = "False"
		VWDPort = "61665"
	EndProjectSection
EndProject
Project("{2150E333-8FDC-42A3-9474-1A3956D46DE8}") = "Prototype", "Prototype", "{8D145120-A09E-4201-8968-B4507893250A}"
EndProject
Global
	GlobalSection(SolutionConfigurationPlatforms) = preSolution
		Debug|Any CPU = Debug|Any CPU
	EndGlobalSection
	GlobalSection(ProjectConfigurationPlatforms) = postSolution
		{91742551-811D-4D63-9DB0-B378AC894327}.Debug|Any CPU.ActiveCfg = Debug|Any CPU
		{91742551-811D-4D63-9DB0-B378AC894327}.Debug|Any CPU.Build.0 = Debug|Any CPU
	EndGlobalSection
	GlobalSection(SolutionProperties) = preSolution
		HideSolutionNode = FALSE
	EndGlobalSection
	GlobalSection(NestedProjects) = preSolution
		{91742551-811D-4D63-9DB0-B378AC894327} = {8D145120-A09E-4201-8968-B4507893250A}
	EndGlobalSection
EndGlobal
